# This file is autogenerated, do not edit; changes may be undone by the next 'dep ensure'.


[[projects]]
  branch = "master"
  name = "github.com/Dadinel/status-http"
  packages = ["port","routes","status"]
  revision = "a72acf257ce5d60216ed2f15b99ec8f857a66253"

[[projects]]
  name = "github.com/gorilla/mux"
  packages = ["."]
  revision = "00bdffe0f3c77e27d2cf6f5c70232a2d3e4d9c15"
  version = "v1.7.3"

[solve-meta]
  analyzer-name = "dep"
  analyzer-version = 1
  inputs-digest = "7dc96df1748f672edd2588f010b84e27ca8314b2ff5cb440420f40f579ec1ec0"
  solver-name = "gps-cdcl"
  solver-version = 1
